Microsoft Visual Studio Solution File, Format Version 12.00
# Visual Studio Version 17
VisualStudioVersion = 17.0.31903.59
MinimumVisualStudioVersion = 10.0.40219.1
Project("{FAE04EC0-301F-11D3-BF4B-00C04F79EFBC}") = "SentinelFlow.Api", "src\SentinelFlow.Api\SentinelFlow.Api.csproj", "{6BC7E5E9-5C80-4E83-8B8D-28DFBFBC4B68}"
EndProject
Project("{FAE04EC0-301F-11D3-BF4B-00C04F79EFBC}") = "SentinelFlow.Tests", "test\SentinelFlow.Tests\SentinelFlow.Tests.csproj", "{991925F5-9F6A-4B8B-9D53-B53826C03A6B}"
EndProject
Global
	GlobalSection(SolutionConfigurationPlatforms) = preSolution
		Debug|Any CPU = Debug|Any CPU
		Release|Any CPU = Release|Any CPU
	EndGlobalSection
	GlobalSection(ProjectConfigurationPlatforms) = postSolution
		{6BC7E5E9-5C80-4E83-8B8D-28DFBFBC4B68}.Debug|Any CPU.ActiveCfg = Debug|Any CPU
		{6BC7E5E9-5C80-4E83-8B8D-28DFBFBC4B68}.Debug|Any CPU.Build.0 = Debug|Any CPU
		{6BC7E5E9-5C80-4E83-8B8D-28DFBFBC4B68}.Release|Any CPU.ActiveCfg = Release|Any CPU
		{6BC7E5E9-5C80-4E83-8B8D-28DFBFBC4B68}.Release|Any CPU.Build.0 = Release|Any CPU
		{991925F5-9F6A-4B8B-9D53-B53826C03A6B}.Debug|Any CPU.ActiveCfg = Debug|Any CPU
		{991925F5-9F6A-4B8B-9D53-B53826C03A6B}.Debug|Any CPU.Build.0 = Debug|Any CPU
		{991925F5-9F6A-4B8B-9D53-B53826C03A6B}.Release|Any CPU.ActiveCfg = Release|Any CPU
		{991925F5-9F6A-4B8B-9D53-B53826C03A6B}.Release|Any CPU.Build.0 = Release|Any CPU
	EndGlobalSection
EndGlobal
